// !$*UTF8*$!
{
	archiveVersion = 1;
	classes = {
	};
	objectVersion = 46;
	objects = {

/* Begin PBXBuildFile section */
		9AE613381CED26F100BE8086 /* AppDelegate.swift in Sources */ = {isa = PBXBuildFile; fileRef = 9AE613371CED26F100BE8086 /* AppDelegate.swift */; };
		9AE6133A1CED26F100BE8086 /* ViewController.swift in Sources */ = {isa = PBXBuildFile; fileRef = 9AE613391CED26F100BE8086 /* ViewController.swift */; };
		9AE6133D1CED26F100BE8086 /* Main.storyboard in Resources */ = {isa = PBXBuildFile; fileRef = 9AE6133B1CED26F100BE8086 /* Main.storyboard */; };
		9AE6133F1CED26F100BE8086 /* Assets.xcassets in Resources */ = {isa = PBXBuildFile; fileRef = 9AE6133E1CED26F100BE8086 /* Assets.xcassets */; };
		9AE613421CED26F100BE8086 /* LaunchScreen.storyboard in Resources */ = {isa = PBXBuildFile; fileRef = 9AE613401CED26F100BE8086 /* LaunchScreen.storyboard */; };
/* End PBXBuildFile section */

/* Begin PBXFileReference section */
		9AE613341CED26F100BE8086 /* Porton.app */ = {isa = PBXFileReference; explicitFileType = wrapper.application; includeInIndex = 0; path = Porton.app; sourceTree = BUILT_PRODUCTS_DIR; };
		9AE613371CED26F100BE8086 /* AppDelegate.swift */ = {isa = PBXFileReference; lastKnownFileType = sourcecode.swift; path = AppDelegate.swift; sourceTree = "<group>"; };
		9AE613391CED26F100BE8086 /* ViewController.swift */ = {isa = PBXFileReference; lastKnownFileType = sourcecode.swift; path = ViewController.swift; sourceTree = "<group>"; };
		9AE6133C1CED26F100BE8086 /* Base */ = {isa = PBXFileReference; lastKnownFileType = file.storyboard; name = Base; path = Base.lproj/Main.storyboard; sourceTree = "<group>"; };
		9AE6133E1CED26F100BE8086 /* Assets.xcassets */ = {isa = PBXFileReference; lastKnownFileType = folder.assetcatalog; path = Assets.xcassets; sourceTree = "<group>"; };
		9AE613411CED26F100BE8086 /* Base */ = {isa = PBXFileReference; lastKnownFileType = file.storyboard; name = Base; path = Base.lproj/LaunchScreen.storyboard; sourceTree = "<group>"; };
		9AE613431CED26F100BE8086 /* Info.plist */ = {isa = PBXFileReference; lastKnownFileType = text.plist.xml; path = Info.plist; sourceTree = "<group>"; };
/* End PBXFileReference section */

/* Begin PBXFrameworksBuildPhase section */
		9AE613311CED26F100BE8086 /* Frameworks */ = {
			isa = PBXFrameworksBuildPhase;
			buildActionMask = 2147483647;
			files = (
			);
			runOnlyForDeploymentPostprocessing = 0;
		};
/* End PBXFrameworksBuildPhase section */

/* Begin PBXGroup section */
		9AE6132B1CED26F100BE8086 = {
			isa = PBXGroup;
			children = (
				9AE613361CED26F100BE8086 /* Porton */,
				9AE613351CED26F100BE8086 /* Products */,
			);
			sourceTree = "<group>";
		};
		9AE613351CED26F100BE8086 /* Products */ = {
			isa = PBXGroup;
			children = (
				9AE613341CED26F100BE8086 /* Porton.app */,
			);
			name = Products;
			sourceTree = "<group>";
		};
		9AE613361CED26F100BE8086 /* Porton */ = {
			isa = PBXGroup;
			children = (
				9AE613371CED26F100BE8086 /* AppDelegate.swift */,
				9AE613391CED26F100BE8086 /* ViewController.swift */,
				9AE6133B1CED26F100BE8086 /* Main.storyboard */,
				9AE6133E1CED26F100BE8086 /* Assets.xcassets */,
				9AE613401CED26F100BE8086 /* LaunchScreen.storyboard */,
				9AE613431CED26F100BE8086 /* Info.plist */,
			);
			path = Porton;
			sourceTree = "<group>";
		};
/* End PBXGroup section */

/* Begin PBXNativeTarget section */
		9AE613331CED26F100BE8086 /* Porton */ = {
			isa = PBXNativeTarget;
			buildConfigurationList = 9AE613461CED26F100BE8086 /* Build configuration list for PBXNativeTarget "Porton" */;
			buildPhases = (
				9AE613301CED26F100BE8086 /* Sources */,
				9AE613311CED26F100BE8086 /* Frameworks */,
				9AE613321CED26F100BE8086 /* Resources */,
			);
			buildRules = (
			);
			dependencies = (
			);
			name = Porton;
			productName = Porton;
			productReference = 9AE613341CED26F100BE8086 /* Porton.app */;
			productType = "com.apple.product-type.application";
		};
/* End PBXNativeTarget section */

/* Begin PBXProject section */
		9AE6132C1CED26F100BE8086 /* Project object */ = {
			isa = PBXProject;
			attributes = {
				LastSwiftUpdateCheck = 0720;
				LastUpgradeCheck = 0720;
				ORGANIZATIONNAME = "Meyer Ingenieria";
				TargetAttributes = {
					9AE613331CED26F100BE8086 = {
						CreatedOnToolsVersion = 7.2.1;
					};
				};
			};
			buildConfigurationList = 9AE6132F1CED26F100BE8086 /* Build configuration list for PBXProject "Porton" */;
			compatibilityVersion = "Xcode 3.2";
			developmentRegion = English;
			hasScannedForEncodings = 0;
			knownRegions = (
				en,
				Base,
			);
			mainGroup = 9AE6132B1CED26F100BE8086;
			productRefGroup = 9AE613351CED26F100BE8086 /* Products */;
			projectDirPath = "";
			projectRoot = "";
			targets = (
				9AE613331CED26F100BE8086 /* Porton */,
			);
		};
/* End PBXProject section */

/* Begin PBXResourcesBuildPhase section */
		9AE613321CED26F100BE8086 /* Resources */ = {
			isa = PBXResourcesBuildPhase;
			buildActionMask = 2147483647;
			files = (
				9AE613421CED26F100BE8086 /* LaunchScreen.storyboard in Resources */,
				9AE6133F1CED26F100BE8086 /* Assets.xcassets in Resources */,
				9AE6133D1CED26F100BE8086 /* Main.storyboard in Resources */,
			);
			runOnlyForDeploymentPostprocessing = 0;
		};
/* End PBXResourcesBuildPhase section */

/* Begin PBXSourcesBuildPhase section */
		9AE613301CED26F100BE8086 /* Sources */ = {
			isa = PBXSourcesBuildPhase;
			buildActionMask = 2147483647;
			files = (
				9AE6133A1CED26F100BE8086 /* ViewController.swift in Sources */,
				9AE613381CED26F100BE8086 /* AppDelegate.swift in Sources */,
			);
			runOnlyForDeploymentPostprocessing = 0;
		};
/* End PBXSourcesBuildPhase section */

/* Begin PBXVariantGroup section */
		9AE6133B1CED26F100BE8086 /* Main.storyboard */ = {
			isa = PBXVariantGroup;
			children = (
				9AE6133C1CED26F100BE8086 /* Base */,
			);
			name = Main.storyboard;
			sourceTree = "<group>";
		};
		9AE613401CED26F100BE8086 /* LaunchScreen.storyboard */ = {
			isa = PBXVariantGroup;
			children = (
				9AE613411CED26F100BE8086 /* Base */,
			);
			name = LaunchScreen.storyboard;
			sourceTree = "<group>";
		};
/* End PBXVariantGroup section */

/* Begin XCBuildConfiguration section */
		9AE613441CED26F100BE8086 /* Debug */ = {
			isa = XCBuildConfiguration;
			buildSettings = {
				ALWAYS_SEARCH_USER_PATHS = NO;
				CLANG_CXX_LANGUAGE_STANDARD = "gnu++0x";
				CLANG_CXX_LIBRARY = "libc++";
				CLANG_ENABLE_MODULES = YES;
				CLANG_ENABLE_OBJC_ARC = YES;
				CLANG_WARN_BOOL_CONVERSION = YES;
				CLANG_WARN_CONSTANT_CONVERSION = YES;
				CLANG_WARN_DIRECT_OBJC_ISA_USAGE = YES_ERROR;
				CLANG_WARN_EMPTY_BODY = YES;
				CLANG_WARN_ENUM_CONVERSION = YES;
				CLANG_WARN_INT_CONVERSION = YES;
				CLANG_WARN_OBJC_ROOT_CLASS = YES_ERROR;
				CLANG_WARN_UNREACHABLE_CODE = YES;
				CLANG_WARN__DUPLICATE_METHOD_MATCH = YES;
				"CODE_SIGN_IDENTITY[sdk=iphoneos*]" = "iPhone Developer";
				COPY_PHASE_STRIP = NO;
				DEBUG_INFORMATION_FORMAT = dwarf;
				ENABLE_STRICT_OBJC_MSGSEND = YES;
				ENABLE_TESTABILITY = YES;
				GCC_C_LANGUAGE_STANDARD = gnu99;
				GCC_DYNAMIC_NO_PIC = NO;
				GCC_NO_COMMON_BLOCKS = YES;
				GCC_OPTIMIZATION_LEVEL = 0;
				GCC_PREPROCESSOR_DEFINITIONS = (
					"DEBUG=1",
					"$(inherited)",
				);
				GCC_WARN_64_TO_32_BIT_CONVERSION = YES;
				GCC_WARN_ABOUT_RETURN_TYPE = YES_ERROR;
				GCC_WARN_UNDECLARED_SELECTOR = YES;
				GCC_WARN_UNINITIALIZED_AUTOS = YES_AGGRESSIVE;
				GCC_WARN_UNUSED_FUNCTION = YES;
				GCC_WARN_UNUSED_VARIABLE = YES;
				IPHONEOS_DEPLOYMENT_TARGET = 9.2;
				MTL_ENABLE_DEBUG_INFO = YES;
				ONLY_ACTIVE_ARCH = YES;
				SDKROOT = iphoneos;
				SWIFT_OPTIMIZATION_LEVEL = "-Onone";
			};
			name = Debug;
		};
		9AE613451CED26F100BE8086 /* Release */ = {
			isa = XCBuildConfiguration;
			buildSettings = {
				ALWAYS_SEARCH_USER_PATHS = NO;
				CLANG_CXX_LANGUAGE_STANDARD = "gnu++0x";
				CLANG_CXX_LIBRARY = "libc++";
				CLANG_ENABLE_MODULES = YES;
				CLANG_ENABLE_OBJC_ARC = YES;
				CLANG_WARN_BOOL_CONVERSION = YES;
				CLANG_WARN_CONSTANT_CONVERSION = YES;
				CLANG_WARN_DIRECT_OBJC_ISA_USAGE = YES_ERROR;
				CLANG_WARN_EMPTY_BODY = YES;
				CLANG_WARN_ENUM_CONVERSION = YES;
				CLANG_WARN_INT_CONVERSION = YES;
				CLANG_WARN_OBJC_ROOT_CLASS = YES_ERROR;
				CLANG_WARN_UNREACHABLE_CODE = YES;
				CLANG_WARN__DUPLICATE_METHOD_MATCH = YES;
				"CODE_SIGN_IDENTITY[sdk=iphoneos*]" = "iPhone Developer";
				COPY_PHASE_STRIP = NO;
				DEBUG_INFORMATION_FORMAT = "dwarf-with-dsym";
				ENABLE_NS_ASSERTIONS = NO;
				ENABLE_STRICT_OBJC_MSGSEND = YES;
				GCC_C_LANGUAGE_STANDARD = gnu99;
				GCC_NO_COMMON_BLOCKS = YES;
				GCC_WARN_64_TO_32_BIT_CONVERSION = YES;
				GCC_WARN_ABOUT_RETURN_TYPE = YES_ERROR;
				GCC_WARN_UNDECLARED_SELECTOR = YES;
				GCC_WARN_UNINITIALIZED_AUTOS = YES_AGGRESSIVE;
				GCC_WARN_UNUSED_FUNCTION = YES;
				GCC_WARN_UNUSED_VARIABLE = YES;
				IPHONEOS_DEPLOYMENT_TARGET = 9.2;
				MTL_ENABLE_DEBUG_INFO = NO;
				SDKROOT = iphoneos;
				VALIDATE_PRODUCT = YES;
			};
			name = Release;
		};
		9AE613471CED26F100BE8086 /* Debug */ = {
			isa = XCBuildConfiguration;
			buildSettings = {
				ASSETCATALOG_COMPILER_APPICON_NAME = AppIcon;
				INFOPLIST_FILE = Porton/Info.plist;
				LD_RUNPATH_SEARCH_PATHS = "$(inherited) @executable_path/Frameworks";
				PRODUCT_BUNDLE_IDENTIFIER = cl.meyeringenieria.Porton;
				PRODUCT_NAME = "$(TARGET_NAME)";
				TARGETED_DEVICE_FAMILY = 1;
			};
			name = Debug;
		};
		9AE613481CED26F100BE8086 /* Release */ = {
			isa = XCBuildConfiguration;
			buildSettings = {
				ASSETCATALOG_COMPILER_APPICON_NAME = AppIcon;
				INFOPLIST_FILE = Porton/Info.plist;
				LD_RUNPATH_SEARCH_PATHS = "$(inherited) @executable_path/Frameworks";
				PRODUCT_BUNDLE_IDENTIFIER = cl.meyeringenieria.Porton;
				PRODUCT_NAME = "$(TARGET_NAME)";
				TARGETED_DEVICE_FAMILY = 1;
			};
			name = Release;
		};
/* End XCBuildConfiguration section */

/* Begin XCConfigurationList section */
		9AE6132F1CED26F100BE8086 /* Build configuration list for PBXProject "Porton" */ = {
			isa = XCConfigurationList;
			buildConfigurations = (
				9AE613441CED26F100BE8086 /* Debug */,
				9AE613451CED26F100BE8086 /* Release */,
			);
			defaultConfigurationIsVisible = 0;
			defaultConfigurationName = Release;
		};
		9AE613461CED26F100BE8086 /* Build configuration list for PBXNativeTarget "Porton" */ = {
			isa = XCConfigurationList;
			buildConfigurations = (
				9AE613471CED26F100BE8086 /* Debug */,
				9AE613481CED26F100BE8086 /* Release */,
			);
			defaultConfigurationIsVisible = 0;
			defaultConfigurationName = Release;
		};
/* End XCConfigurationList section */
	};
	rootObject = 9AE6132C1CED26F100BE8086 /* Project object */;
}
